{"version":1,"root":"opengraphics","nimbleHash":"7535267323384522349","features":["dev"],"nimVersion":"2.2.12","packages":[{"name":"zlib","version":"0.2.0","constraint":">= 0.2.0","features":[],"path":"/Users/georgelemon/.clue/packages/zlib/0.2.0","develop":false,"url":"","ref":""},{"name":"nimcypher","version":"","constraint":">= 0.2.3","features":[],"path":"/Users/georgelemon/Development/nimbase/ports/nimcypher/src","develop":true,"url":"","ref":""},{"name":"checksums","version":"0.2.2","constraint":">= 0.2.2","features":[],"path":"/Users/georgelemon/.clue/packages/checksums/0.2.2","develop":false,"url":"","ref":""},{"name":"harfbuzz","version":"HEAD","constraint":">= 0.1.0","features":[],"path":"/Users/georgelemon/.clue/packages/harfbuzz/HEAD","develop":false,"url":"","ref":""},{"name":"libvips","version":"","constraint":">= 0.1.1","features":[],"path":"/Users/georgelemon/Development/packages/clients/libvips/src","develop":true,"url":"","ref":""},{"name":"bigints","version":"1.1.0","constraint":"","features":[],"path":"/Users/georgelemon/.clue/packages/bigints/1.1.0","develop":false,"url":"","ref":""},{"name":"stew","version":"0.5.2","constraint":"","features":[],"path":"/Users/georgelemon/.clue/packages/stew/0.5.2","develop":false,"url":"","ref":""},{"name":"results","version":"0.5.1","constraint":"","features":[],"path":"/Users/georgelemon/.clue/packages/results/0.5.1","develop":false,"url":"","ref":""}]}